# This file is automatically @generated by Cargo.
# It is not intended for manual editing.
version = 4

[[package]]
name = "typstlab"
version = "0.1.0"

[[package]]
name = "typstlab-core"
version = "0.1.0"

[[package]]
name = "typstlab-mcp"
version = "0.1.0"

[[package]]
name = "typstlab-shim"
version = "0.1.0"

[[package]]
name = "typstlab-testkit"
version = "0.1.0"

[[package]]
name = "typstlab-typst"
version = "0.1.0"

[[package]]
name = "typstlab-watch"
version = "0.1.0"
