# This file is automatically @generated by Cargo.
# It is not intended for manual editing.
version = 4

[[package]]
name = "typstla-macros"
version = "0.1.0"

[[package]]
name = "typstlab-cli"
version = "0.1.0"

[[package]]
name = "typstlab-config"
version = "0.1.0"

[[package]]
name = "typstlab-docs-typst"
version = "0.1.0"

[[package]]
name = "typstlab-hooks"
version = "0.1.0"

[[package]]
name = "typstlab-mcp"
version = "0.1.0"

[[package]]
name = "typstlab-plugin"
version = "0.1.0"

[[package]]
name = "typstlab-project"
version = "0.1.0"

[[package]]
name = "typstlab-protocol"
version = "0.1.0"

[[package]]
name = "typstlab-toolchain"
version = "0.1.0"

[[package]]
name = "typstlab-toolchain-api"
version = "0.1.0"

[[package]]
name = "typstlab-typst-runner"
version = "0.1.0"

[[package]]
name = "typstlab-wasi"
version = "0.1.0"

[[package]]
name = "typstlab_operators"
version = "0.1.0"

[[package]]
name = "typstlab_testkit"
version = "0.1.0"
